
Microsoft Visual Studio Solution File, Format Version 12.00
# Visual Studio Version 17
VisualStudioVersion = 17.3.32811.315
MinimumVisualStudioVersion = 10.0.40219.1
Project("{9A19103F-16F7-4668-BE54-9A1E7A4F7556}") = "api-practica", "api-practica\api-practica.csproj", "{EFCB9230-F001-4495-9C40-BC3092B7E117}"
EndProject
Project("{FAE04EC0-301F-11D3-BF4B-00C04F79EFBC}") = "Modelo", "Modelo\Modelo.csproj", "{EFF5F7CD-54E7-4F5A-81C3-F581C73FD81D}"
EndProject
Project("{FAE04EC0-301F-11D3-BF4B-00C04F79EFBC}") = "BL", "BL\BL.csproj", "{89C8D3BB-088C-43C0-B42D-A657318181BC}"
EndProject
Project("{FAE04EC0-301F-11D3-BF4B-00C04F79EFBC}") = "DA", "DA\DA.csproj", "{55D400EC-BEE7-42BA-B1A3-D0CDC8DD746A}"
EndProject
Global
	GlobalSection(SolutionConfigurationPlatforms) = preSolution
		Debug|Any CPU = Debug|Any CPU
		Release|Any CPU = Release|Any CPU
	EndGlobalSection
	GlobalSection(ProjectConfigurationPlatforms) = postSolution
		{EFCB9230-F001-4495-9C40-BC3092B7E117}.Debug|Any CPU.ActiveCfg = Debug|Any CPU
		{EFCB9230-F001-4495-9C40-BC3092B7E117}.Debug|Any CPU.Build.0 = Debug|Any CPU
		{EFCB9230-F001-4495-9C40-BC3092B7E117}.Release|Any CPU.ActiveCfg = Release|Any CPU
		{EFCB9230-F001-4495-9C40-BC3092B7E117}.Release|Any CPU.Build.0 = Release|Any CPU
		{EFF5F7CD-54E7-4F5A-81C3-F581C73FD81D}.Debug|Any CPU.ActiveCfg = Debug|Any CPU
		{EFF5F7CD-54E7-4F5A-81C3-F581C73FD81D}.Debug|Any CPU.Build.0 = Debug|Any CPU
		{EFF5F7CD-54E7-4F5A-81C3-F581C73FD81D}.Release|Any CPU.ActiveCfg = Release|Any CPU
		{EFF5F7CD-54E7-4F5A-81C3-F581C73FD81D}.Release|Any CPU.Build.0 = Release|Any CPU
		{89C8D3BB-088C-43C0-B42D-A657318181BC}.Debug|Any CPU.ActiveCfg = Debug|Any CPU
		{89C8D3BB-088C-43C0-B42D-A657318181BC}.Debug|Any CPU.Build.0 = Debug|Any CPU
		{89C8D3BB-088C-43C0-B42D-A657318181BC}.Release|Any CPU.ActiveCfg = Release|Any CPU
		{89C8D3BB-088C-43C0-B42D-A657318181BC}.Release|Any CPU.Build.0 = Release|Any CPU
		{55D400EC-BEE7-42BA-B1A3-D0CDC8DD746A}.Debug|Any CPU.ActiveCfg = Debug|Any CPU
		{55D400EC-BEE7-42BA-B1A3-D0CDC8DD746A}.Debug|Any CPU.Build.0 = Debug|Any CPU
		{55D400EC-BEE7-42BA-B1A3-D0CDC8DD746A}.Release|Any CPU.ActiveCfg = Release|Any CPU
		{55D400EC-BEE7-42BA-B1A3-D0CDC8DD746A}.Release|Any CPU.Build.0 = Release|Any CPU
	EndGlobalSection
	GlobalSection(SolutionProperties) = preSolution
		HideSolutionNode = FALSE
	EndGlobalSection
	GlobalSection(ExtensibilityGlobals) = postSolution
		SolutionGuid = {BA9720BA-9893-444F-B0DF-9D82CFC91E62}
	EndGlobalSection
EndGlobal
